// !$*UTF8*$!
{
	archiveVersion = 1;
	classes = {
	};
	objectVersion = 50;
	objects = {

/* Begin PBXBuildFile section */
		F2DAAD1826198B76006BE9BF /* AppDelegate.swift in Sources */ = {isa = PBXBuildFile; fileRef = F2DAAD1726198B76006BE9BF /* AppDelegate.swift */; };
		F2DAAD1A26198B76006BE9BF /* ContentView.swift in Sources */ = {isa = PBXBuildFile; fileRef = F2DAAD1926198B76006BE9BF /* ContentView.swift */; };
		F2DAAD1C26198B81006BE9BF /* Assets.xcassets in Resources */ = {isa = PBXBuildFile; fileRef = F2DAAD1B26198B81006BE9BF /* Assets.xcassets */; };
		F2DAAD1F26198B81006BE9BF /* Preview Assets.xcassets in Resources */ = {isa = PBXBuildFile; fileRef = F2DAAD1E26198B81006BE9BF /* Preview Assets.xcassets */; };
		F2DAAD2226198B81006BE9BF /* Main.storyboard in Resources */ = {isa = PBXBuildFile; fileRef = F2DAAD2026198B81006BE9BF /* Main.storyboard */; };
		F2DAAD2C26198BAA006BE9BF /* ContentViewModel.swift in Sources */ = {isa = PBXBuildFile; fileRef = F2DAAD2B26198BAA006BE9BF /* ContentViewModel.swift */; };
		F2DAAD2F26198C36006BE9BF /* OfflineAlerter.swift in Sources */ = {isa = PBXBuildFile; fileRef = F2DAAD2E26198C36006BE9BF /* OfflineAlerter.swift */; };
/* End PBXBuildFile section */

/* Begin PBXFileReference section */
		F2DAAD1426198B76006BE9BF /* Offline Alerter.app */ = {isa = PBXFileReference; explicitFileType = wrapper.application; includeInIndex = 0; path = "Offline Alerter.app"; sourceTree = BUILT_PRODUCTS_DIR; };
		F2DAAD1726198B76006BE9BF /* AppDelegate.swift */ = {isa = PBXFileReference; lastKnownFileType = sourcecode.swift; path = AppDelegate.swift; sourceTree = "<group>"; };
		F2DAAD1926198B76006BE9BF /* ContentView.swift */ = {isa = PBXFileReference; lastKnownFileType = sourcecode.swift; path = ContentView.swift; sourceTree = "<group>"; };
		F2DAAD1B26198B81006BE9BF /* Assets.xcassets */ = {isa = PBXFileReference; lastKnownFileType = folder.assetcatalog; path = Assets.xcassets; sourceTree = "<group>"; };
		F2DAAD1E26198B81006BE9BF /* Preview Assets.xcassets */ = {isa = PBXFileReference; lastKnownFileType = folder.assetcatalog; path = "Preview Assets.xcassets"; sourceTree = "<group>"; };
		F2DAAD2126198B81006BE9BF /* Base */ = {isa = PBXFileReference; lastKnownFileType = file.storyboard; name = Base; path = Base.lproj/Main.storyboard; sourceTree = "<group>"; };
		F2DAAD2326198B81006BE9BF /* Info.plist */ = {isa = PBXFileReference; lastKnownFileType = text.plist.xml; path = Info.plist; sourceTree = "<group>"; };
		F2DAAD2426198B81006BE9BF /* Offline_Alerter.entitlements */ = {isa = PBXFileReference; lastKnownFileType = text.plist.entitlements; path = Offline_Alerter.entitlements; sourceTree = "<group>"; };
		F2DAAD2B26198BAA006BE9BF /* ContentViewModel.swift */ = {isa = PBXFileReference; lastKnownFileType = sourcecode.swift; path = ContentViewModel.swift; sourceTree = "<group>"; };
		F2DAAD2E26198C36006BE9BF /* OfflineAlerter.swift */ = {isa = PBXFileReference; lastKnownFileType = sourcecode.swift; path = OfflineAlerter.swift; sourceTree = "<group>"; };
		F2DAAD3226198C68006BE9BF /* Offline AlerterDebug.entitlements */ = {isa = PBXFileReference; lastKnownFileType = text.plist.entitlements; path = "Offline AlerterDebug.entitlements"; sourceTree = "<group>"; };
/* End PBXFileReference section */

/* Begin PBXFrameworksBuildPhase section */
		F2DAAD1126198B76006BE9BF /* Frameworks */ = {
			isa = PBXFrameworksBuildPhase;
			buildActionMask = 2147483647;
			files = (
			);
			runOnlyForDeploymentPostprocessing = 0;
		};
/* End PBXFrameworksBuildPhase section */

/* Begin PBXGroup section */
		F2DAAD0B26198B76006BE9BF = {
			isa = PBXGroup;
			children = (
				F2DAAD1626198B76006BE9BF /* Offline Alerter */,
				F2DAAD1526198B76006BE9BF /* Products */,
			);
			sourceTree = "<group>";
		};
		F2DAAD1526198B76006BE9BF /* Products */ = {
			isa = PBXGroup;
			children = (
				F2DAAD1426198B76006BE9BF /* Offline Alerter.app */,
			);
			name = Products;
			sourceTree = "<group>";
		};
		F2DAAD1626198B76006BE9BF /* Offline Alerter */ = {
			isa = PBXGroup;
			children = (
				F2DAAD3226198C68006BE9BF /* Offline AlerterDebug.entitlements */,
				F2DAAD1726198B76006BE9BF /* AppDelegate.swift */,
				F2DAAD1926198B76006BE9BF /* ContentView.swift */,
				F2DAAD2B26198BAA006BE9BF /* ContentViewModel.swift */,
				F2DAAD2E26198C36006BE9BF /* OfflineAlerter.swift */,
				F2DAAD1B26198B81006BE9BF /* Assets.xcassets */,
				F2DAAD2026198B81006BE9BF /* Main.storyboard */,
				F2DAAD2326198B81006BE9BF /* Info.plist */,
				F2DAAD2426198B81006BE9BF /* Offline_Alerter.entitlements */,
				F2DAAD1D26198B81006BE9BF /* Preview Content */,
			);
			path = "Offline Alerter";
			sourceTree = "<group>";
		};
		F2DAAD1D26198B81006BE9BF /* Preview Content */ = {
			isa = PBXGroup;
			children = (
				F2DAAD1E26198B81006BE9BF /* Preview Assets.xcassets */,
			);
			path = "Preview Content";
			sourceTree = "<group>";
		};
/* End PBXGroup section */

/* Begin PBXNativeTarget section */
		F2DAAD1326198B76006BE9BF /* Offline Alerter */ = {
			isa = PBXNativeTarget;
			buildConfigurationList = F2DAAD2726198B81006BE9BF /* Build configuration list for PBXNativeTarget "Offline Alerter" */;
			buildPhases = (
				F2DAAD1026198B76006BE9BF /* Sources */,
				F2DAAD1126198B76006BE9BF /* Frameworks */,
				F2DAAD1226198B76006BE9BF /* Resources */,
			);
			buildRules = (
			);
			dependencies = (
			);
			name = "Offline Alerter";
			productName = "Offline Alerter";
			productReference = F2DAAD1426198B76006BE9BF /* Offline Alerter.app */;
			productType = "com.apple.product-type.application";
		};
/* End PBXNativeTarget section */

/* Begin PBXProject section */
		F2DAAD0C26198B76006BE9BF /* Project object */ = {
			isa = PBXProject;
			attributes = {
				LastSwiftUpdateCheck = 1240;
				LastUpgradeCheck = 1240;
				TargetAttributes = {
					F2DAAD1326198B76006BE9BF = {
						CreatedOnToolsVersion = 12.4;
					};
				};
			};
			buildConfigurationList = F2DAAD0F26198B76006BE9BF /* Build configuration list for PBXProject "Offline Alerter" */;
			compatibilityVersion = "Xcode 9.3";
			developmentRegion = en;
			hasScannedForEncodings = 0;
			knownRegions = (
				en,
				Base,
			);
			mainGroup = F2DAAD0B26198B76006BE9BF;
			productRefGroup = F2DAAD1526198B76006BE9BF /* Products */;
			projectDirPath = "";
			projectRoot = "";
			targets = (
				F2DAAD1326198B76006BE9BF /* Offline Alerter */,
			);
		};
/* End PBXProject section */

/* Begin PBXResourcesBuildPhase section */
		F2DAAD1226198B76006BE9BF /* Resources */ = {
			isa = PBXResourcesBuildPhase;
			buildActionMask = 2147483647;
			files = (
				F2DAAD2226198B81006BE9BF /* Main.storyboard in Resources */,
				F2DAAD1F26198B81006BE9BF /* Preview Assets.xcassets in Resources */,
				F2DAAD1C26198B81006BE9BF /* Assets.xcassets in Resources */,
			);
			runOnlyForDeploymentPostprocessing = 0;
		};
/* End PBXResourcesBuildPhase section */

/* Begin PBXSourcesBuildPhase section */
		F2DAAD1026198B76006BE9BF /* Sources */ = {
			isa = PBXSourcesBuildPhase;
			buildActionMask = 2147483647;
			files = (
				F2DAAD1A26198B76006BE9BF /* ContentView.swift in Sources */,
				F2DAAD2F26198C36006BE9BF /* OfflineAlerter.swift in Sources */,
				F2DAAD1826198B76006BE9BF /* AppDelegate.swift in Sources */,
				F2DAAD2C26198BAA006BE9BF /* ContentViewModel.swift in Sources */,
			);
			runOnlyForDeploymentPostprocessing = 0;
		};
/* End PBXSourcesBuildPhase section */

/* Begin PBXVariantGroup section */
		F2DAAD2026198B81006BE9BF /* Main.storyboard */ = {
			isa = PBXVariantGroup;
			children = (
				F2DAAD2126198B81006BE9BF /* Base */,
			);
			name = Main.storyboard;
			sourceTree = "<group>";
		};
/* End PBXVariantGroup section */

/* Begin XCBuildConfiguration section */
		F2DAAD2526198B81006BE9BF /* Debug */ = {
			isa = XCBuildConfiguration;
			buildSettings = {
				ALWAYS_SEARCH_USER_PATHS = NO;
				CLANG_ANALYZER_NONNULL = YES;
				CLANG_ANALYZER_NUMBER_OBJECT_CONVERSION = YES_AGGRESSIVE;
				CLANG_CXX_LANGUAGE_STANDARD = "gnu++14";
				CLANG_CXX_LIBRARY = "libc++";
				CLANG_ENABLE_MODULES = YES;
				CLANG_ENABLE_OBJC_ARC = YES;
				CLANG_ENABLE_OBJC_WEAK = YES;
				CLANG_WARN_BLOCK_CAPTURE_AUTORELEASING = YES;
				CLANG_WARN_BOOL_CONVERSION = YES;
				CLANG_WARN_COMMA = YES;
				CLANG_WARN_CONSTANT_CONVERSION = YES;
				CLANG_WARN_DEPRECATED_OBJC_IMPLEMENTATIONS = YES;
				CLANG_WARN_DIRECT_OBJC_ISA_USAGE = YES_ERROR;
				CLANG_WARN_DOCUMENTATION_COMMENTS = YES;
				CLANG_WARN_EMPTY_BODY = YES;
				CLANG_WARN_ENUM_CONVERSION = YES;
				CLANG_WARN_INFINITE_RECURSION = YES;
				CLANG_WARN_INT_CONVERSION = YES;
				CLANG_WARN_NON_LITERAL_NULL_CONVERSION = YES;
				CLANG_WARN_OBJC_IMPLICIT_RETAIN_SELF = YES;
				CLANG_WARN_OBJC_LITERAL_CONVERSION = YES;
				CLANG_WARN_OBJC_ROOT_CLASS = YES_ERROR;
				CLANG_WARN_QUOTED_INCLUDE_IN_FRAMEWORK_HEADER = YES;
				CLANG_WARN_RANGE_LOOP_ANALYSIS = YES;
				CLANG_WARN_STRICT_PROTOTYPES = YES;
				CLANG_WARN_SUSPICIOUS_MOVE = YES;
				CLANG_WARN_UNGUARDED_AVAILABILITY = YES_AGGRESSIVE;
				CLANG_WARN_UNREACHABLE_CODE = YES;
				CLANG_WARN__DUPLICATE_METHOD_MATCH = YES;
				COPY_PHASE_STRIP = NO;
				DEBUG_INFORMATION_FORMAT = dwarf;
				ENABLE_STRICT_OBJC_MSGSEND = YES;
				ENABLE_TESTABILITY = YES;
				GCC_C_LANGUAGE_STANDARD = gnu11;
				GCC_DYNAMIC_NO_PIC = NO;
				GCC_NO_COMMON_BLOCKS = YES;
				GCC_OPTIMIZATION_LEVEL = 0;
				GCC_PREPROCESSOR_DEFINITIONS = (
					"DEBUG=1",
					"$(inherited)",
				);
				GCC_WARN_64_TO_32_BIT_CONVERSION = YES;
				GCC_WARN_ABOUT_RETURN_TYPE = YES_ERROR;
				GCC_WARN_UNDECLARED_SELECTOR = YES;
				GCC_WARN_UNINITIALIZED_AUTOS = YES_AGGRESSIVE;
				GCC_WARN_UNUSED_FUNCTION = YES;
				GCC_WARN_UNUSED_VARIABLE = YES;
				MACOSX_DEPLOYMENT_TARGET = 11.1;
				MTL_ENABLE_DEBUG_INFO = INCLUDE_SOURCE;
				MTL_FAST_MATH = YES;
				ONLY_ACTIVE_ARCH = YES;
				SDKROOT = macosx;
				SWIFT_ACTIVE_COMPILATION_CONDITIONS = DEBUG;
				SWIFT_OPTIMIZATION_LEVEL = "-Onone";
			};
			name = Debug;
		};
		F2DAAD2626198B81006BE9BF /* Release */ = {
			isa = XCBuildConfiguration;
			buildSettings = {
				ALWAYS_SEARCH_USER_PATHS = NO;
				CLANG_ANALYZER_NONNULL = YES;
				CLANG_ANALYZER_NUMBER_OBJECT_CONVERSION = YES_AGGRESSIVE;
				CLANG_CXX_LANGUAGE_STANDARD = "gnu++14";
				CLANG_CXX_LIBRARY = "libc++";
				CLANG_ENABLE_MODULES = YES;
				CLANG_ENABLE_OBJC_ARC = YES;
				CLANG_ENABLE_OBJC_WEAK = YES;
				CLANG_WARN_BLOCK_CAPTURE_AUTORELEASING = YES;
				CLANG_WARN_BOOL_CONVERSION = YES;
				CLANG_WARN_COMMA = YES;
				CLANG_WARN_CONSTANT_CONVERSION = YES;
				CLANG_WARN_DEPRECATED_OBJC_IMPLEMENTATIONS = YES;
				CLANG_WARN_DIRECT_OBJC_ISA_USAGE = YES_ERROR;
				CLANG_WARN_DOCUMENTATION_COMMENTS = YES;
				CLANG_WARN_EMPTY_BODY = YES;
				CLANG_WARN_ENUM_CONVERSION = YES;
				CLANG_WARN_INFINITE_RECURSION = YES;
				CLANG_WARN_INT_CONVERSION = YES;
				CLANG_WARN_NON_LITERAL_NULL_CONVERSION = YES;
				CLANG_WARN_OBJC_IMPLICIT_RETAIN_SELF = YES;
				CLANG_WARN_OBJC_LITERAL_CONVERSION = YES;
				CLANG_WARN_OBJC_ROOT_CLASS = YES_ERROR;
				CLANG_WARN_QUOTED_INCLUDE_IN_FRAMEWORK_HEADER = YES;
				CLANG_WARN_RANGE_LOOP_ANALYSIS = YES;
				CLANG_WARN_STRICT_PROTOTYPES = YES;
				CLANG_WARN_SUSPICIOUS_MOVE = YES;
				CLANG_WARN_UNGUARDED_AVAILABILITY = YES_AGGRESSIVE;
				CLANG_WARN_UNREACHABLE_CODE = YES;
				CLANG_WARN__DUPLICATE_METHOD_MATCH = YES;
				COPY_PHASE_STRIP = NO;
				DEBUG_INFORMATION_FORMAT = "dwarf-with-dsym";
				ENABLE_NS_ASSERTIONS = NO;
				ENABLE_STRICT_OBJC_MSGSEND = YES;
				GCC_C_LANGUAGE_STANDARD = gnu11;
				GCC_NO_COMMON_BLOCKS = YES;
				GCC_WARN_64_TO_32_BIT_CONVERSION = YES;
				GCC_WARN_ABOUT_RETURN_TYPE = YES_ERROR;
				GCC_WARN_UNDECLARED_SELECTOR = YES;
				GCC_WARN_UNINITIALIZED_AUTOS = YES_AGGRESSIVE;
				GCC_WARN_UNUSED_FUNCTION = YES;
				GCC_WARN_UNUSED_VARIABLE = YES;
				MACOSX_DEPLOYMENT_TARGET = 11.1;
				MTL_ENABLE_DEBUG_INFO = NO;
				MTL_FAST_MATH = YES;
				SDKROOT = macosx;
				SWIFT_COMPILATION_MODE = wholemodule;
				SWIFT_OPTIMIZATION_LEVEL = "-O";
			};
			name = Release;
		};
		F2DAAD2826198B81006BE9BF /* Debug */ = {
			isa = XCBuildConfiguration;
			buildSettings = {
				ASSETCATALOG_COMPILER_APPICON_NAME = AppIcon;
				ASSETCATALOG_COMPILER_GLOBAL_ACCENT_COLOR_NAME = AccentColor;
				CODE_SIGN_ENTITLEMENTS = "Offline Alerter/Offline AlerterDebug.entitlements";
				CODE_SIGN_STYLE = Automatic;
				COMBINE_HIDPI_IMAGES = YES;
				DEVELOPMENT_ASSET_PATHS = "\"Offline Alerter/Preview Content\"";
				DEVELOPMENT_TEAM = YL279DNVQD;
				ENABLE_HARDENED_RUNTIME = YES;
				ENABLE_PREVIEWS = YES;
				INFOPLIST_FILE = "Offline Alerter/Info.plist";
				LD_RUNPATH_SEARCH_PATHS = (
					"$(inherited)",
					"@executable_path/../Frameworks",
				);
				MACOSX_DEPLOYMENT_TARGET = 11.0;
				PRODUCT_BUNDLE_IDENTIFIER = "com.reesedevelopment.Offline-Alerter";
				PRODUCT_NAME = "$(TARGET_NAME)";
				SWIFT_VERSION = 5.0;
			};
			name = Debug;
		};
		F2DAAD2926198B81006BE9BF /* Release */ = {
			isa = XCBuildConfiguration;
			buildSettings = {
				ASSETCATALOG_COMPILER_APPICON_NAME = AppIcon;
				ASSETCATALOG_COMPILER_GLOBAL_ACCENT_COLOR_NAME = AccentColor;
				CODE_SIGN_ENTITLEMENTS = "Offline Alerter/Offline_Alerter.entitlements";
				CODE_SIGN_STYLE = Automatic;
				COMBINE_HIDPI_IMAGES = YES;
				DEVELOPMENT_ASSET_PATHS = "\"Offline Alerter/Preview Content\"";
				DEVELOPMENT_TEAM = YL279DNVQD;
				ENABLE_HARDENED_RUNTIME = YES;
				ENABLE_PREVIEWS = YES;
				INFOPLIST_FILE = "Offline Alerter/Info.plist";
				LD_RUNPATH_SEARCH_PATHS = (
					"$(inherited)",
					"@executable_path/../Frameworks",
				);
				MACOSX_DEPLOYMENT_TARGET = 11.0;
				PRODUCT_BUNDLE_IDENTIFIER = "com.reesedevelopment.Offline-Alerter";
				PRODUCT_NAME = "$(TARGET_NAME)";
				SWIFT_VERSION = 5.0;
			};
			name = Release;
		};
/* End XCBuildConfiguration section */

/* Begin XCConfigurationList section */
		F2DAAD0F26198B76006BE9BF /* Build configuration list for PBXProject "Offline Alerter" */ = {
			isa = XCConfigurationList;
			buildConfigurations = (
				F2DAAD2526198B81006BE9BF /* Debug */,
				F2DAAD2626198B81006BE9BF /* Release */,
			);
			defaultConfigurationIsVisible = 0;
			defaultConfigurationName = Release;
		};
		F2DAAD2726198B81006BE9BF /* Build configuration list for PBXNativeTarget "Offline Alerter" */ = {
			isa = XCConfigurationList;
			buildConfigurations = (
				F2DAAD2826198B81006BE9BF /* Debug */,
				F2DAAD2926198B81006BE9BF /* Release */,
			);
			defaultConfigurationIsVisible = 0;
			defaultConfigurationName = Release;
		};
/* End XCConfigurationList section */
	};
	rootObject = F2DAAD0C26198B76006BE9BF /* Project object */;
}
